<?xml version="1.0" encoding="utf-8"?>
<Project ToolsVersion="15.0" xmlns="http://schemas.microsoft.com/developer/msbuild/2003">
  <ItemGroup>
    <ClCompile Include="C:\Users\Jeroen\Documents\Research-Project\Cpp\Mstar_cpp.cpp">
      <Filter>Source Files</Filter>
    </ClCompile>
  </ItemGroup>
  <ItemGroup>
    <CustomBuild Include="C:\Users\Jeroen\Documents\Research-Project\Cpp\CMakeLists.txt" />
  </ItemGroup>
  <ItemGroup>
    <Filter Include="Source Files">
      <UniqueIdentifier>{4A44E0F1-008A-329F-B9DB-0F07662E8750}</UniqueIdentifier>
    </Filter>
  </ItemGroup>
</Project>
