Microsoft Visual Studio Solution File, Format Version 12.00
# Visual Studio 15
Project("{8BC9CEB8-8B4A-11D0-8D11-00A0C91BC942}") = "ALL_BUILD", "ALL_BUILD.vcxproj", "{4967EA02-7F02-3FF3-A834-418282056718}"
	ProjectSection(ProjectDependencies) = postProject
		{604391CE-CA0B-32D1-B482-701635112462} = {604391CE-CA0B-32D1-B482-701635112462}
	EndProjectSection
EndProject
Project("{8BC9CEB8-8B4A-11D0-8D11-00A0C91BC942}") = "ZERO_CHECK", "..\\ZERO_CHECK.vcxproj", "{604391CE-CA0B-32D1-B482-701635112462}"
	ProjectSection(ProjectDependencies) = postProject
	EndProjectSection
EndProject
Global
	GlobalSection(SolutionConfigurationPlatforms) = preSolution
		Debug|x64 = Debug|x64
		Release|x64 = Release|x64
		MinSizeRel|x64 = MinSizeRel|x64
		RelWithDebInfo|x64 = RelWithDebInfo|x64
	EndGlobalSection
	GlobalSection(ProjectConfigurationPlatforms) = postSolution
		{4967EA02-7F02-3FF3-A834-418282056718}.Debug|x64.ActiveCfg = Debug|x64
		{4967EA02-7F02-3FF3-A834-418282056718}.Release|x64.ActiveCfg = Release|x64
		{4967EA02-7F02-3FF3-A834-418282056718}.MinSizeRel|x64.ActiveCfg = MinSizeRel|x64
		{4967EA02-7F02-3FF3-A834-418282056718}.RelWithDebInfo|x64.ActiveCfg = RelWithDebInfo|x64
		{604391CE-CA0B-32D1-B482-701635112462}.Debug|x64.ActiveCfg = Debug|x64
		{604391CE-CA0B-32D1-B482-701635112462}.Debug|x64.Build.0 = Debug|x64
		{604391CE-CA0B-32D1-B482-701635112462}.Release|x64.ActiveCfg = Release|x64
		{604391CE-CA0B-32D1-B482-701635112462}.Release|x64.Build.0 = Release|x64
		{604391CE-CA0B-32D1-B482-701635112462}.MinSizeRel|x64.ActiveCfg = MinSizeRel|x64
		{604391CE-CA0B-32D1-B482-701635112462}.MinSizeRel|x64.Build.0 = MinSizeRel|x64
		{604391CE-CA0B-32D1-B482-701635112462}.RelWithDebInfo|x64.ActiveCfg = RelWithDebInfo|x64
		{604391CE-CA0B-32D1-B482-701635112462}.RelWithDebInfo|x64.Build.0 = RelWithDebInfo|x64
	EndGlobalSection
	GlobalSection(ExtensibilityGlobals) = postSolution
		SolutionGuid = {F60756C4-C296-311E-BD52-5983FA7C733B}
	EndGlobalSection
	GlobalSection(ExtensibilityAddIns) = postSolution
	EndGlobalSection
EndGlobal
